
Microsoft Visual Studio Solution File, Format Version 12.00
# Visual Studio Version 17
VisualStudioVersion = 17.3.32804.467
MinimumVisualStudioVersion = 10.0.40219.1
Project("{FAE04EC0-301F-11D3-BF4B-00C04F79EFBC}") = "tutorialApp", "tutorialApp\tutorialApp.csproj", "{B646B2D4-8CE2-4537-AA7E-7E3C466E7C5A}"
EndProject
Global
	GlobalSection(SolutionConfigurationPlatforms) = preSolution
		Debug|Any CPU = Debug|Any CPU
		Release|Any CPU = Release|Any CPU
	EndGlobalSection
	GlobalSection(ProjectConfigurationPlatforms) = postSolution
		{B646B2D4-8CE2-4537-AA7E-7E3C466E7C5A}.Debug|Any CPU.ActiveCfg = Debug|Any CPU
		{B646B2D4-8CE2-4537-AA7E-7E3C466E7C5A}.Debug|Any CPU.Build.0 = Debug|Any CPU
		{B646B2D4-8CE2-4537-AA7E-7E3C466E7C5A}.Release|Any CPU.ActiveCfg = Release|Any CPU
		{B646B2D4-8CE2-4537-AA7E-7E3C466E7C5A}.Release|Any CPU.Build.0 = Release|Any CPU
	EndGlobalSection
	GlobalSection(SolutionProperties) = preSolution
		HideSolutionNode = FALSE
	EndGlobalSection
	GlobalSection(ExtensibilityGlobals) = postSolution
		SolutionGuid = {3F672C6D-C5A7-4C47-89FD-8B1B1A06DB4E}
	EndGlobalSection
EndGlobal
